
Microsoft Visual Studio Solution File, Format Version 12.00
# Visual Studio Version 17
VisualStudioVersion = 17.3.32819.101
MinimumVisualStudioVersion = 10.0.40219.1
Project("{FAE04EC0-301F-11D3-BF4B-00C04F79EFBC}") = "mini_analizador_sintactico", "mini_analizador_sintactico.csproj", "{607D8D59-333C-4B24-9421-7F75D221F2DD}"
EndProject
Global
	GlobalSection(SolutionConfigurationPlatforms) = preSolution
		Debug|Any CPU = Debug|Any CPU
		Release|Any CPU = Release|Any CPU
	EndGlobalSection
	GlobalSection(ProjectConfigurationPlatforms) = postSolution
		{607D8D59-333C-4B24-9421-7F75D221F2DD}.Debug|Any CPU.ActiveCfg = Debug|Any CPU
		{607D8D59-333C-4B24-9421-7F75D221F2DD}.Debug|Any CPU.Build.0 = Debug|Any CPU
		{607D8D59-333C-4B24-9421-7F75D221F2DD}.Release|Any CPU.ActiveCfg = Release|Any CPU
		{607D8D59-333C-4B24-9421-7F75D221F2DD}.Release|Any CPU.Build.0 = Release|Any CPU
	EndGlobalSection
	GlobalSection(SolutionProperties) = preSolution
		HideSolutionNode = FALSE
	EndGlobalSection
	GlobalSection(ExtensibilityGlobals) = postSolution
		SolutionGuid = {F41DC964-AA84-4BED-8A5A-F9A730D0DB36}
	EndGlobalSection
EndGlobal
